hash: 09a3b602757dde289bb7f11790771acb5d1b0fc1ce28952c5e78cff071355892
updated: 2016-04-08T07:13:00.654601779Z
imports:
- name: ""
  version: ""
  repo: https://github.com/aws/aws-sdk-go.git
  vcs: git
- name: github.com/akutz/gofig
  version: e403cdba84cf4fbf931bf7bf5d86066dbab5b850
  vcs: git
- name: github.com/akutz/golf
  version: e26bdd995cb746e431d42ea303ebe7622389d29f
  vcs: git
  subpackages:
  - logrus
- name: github.com/akutz/goof
  version: 53b256059ddb5cfb120cf3e1eaccbf657a1ca765
  vcs: git
- name: github.com/akutz/gotil
  version: 6fa2e80bd3ac40f15788cfc3d12ebba49a0add92
  vcs: git
- name: github.com/appropriate/go-virtualboxclient
  version: e0978ab2ed407095400a69d5933958dd260058cd
  repo: https://github.com/clintonskitson/go-virtualboxclient
  vcs: git
  subpackages:
  - virtualboxclient
  - vboxwebsrv
- name: github.com/aws/aws-sdk-go
  version: af189259aa5a4fc580223a86117f25b2b92894ce
  subpackages:
  - aws
  - aws/credentials
  - aws/credentials/ec2rolecreds
  - aws/ec2metadata
  - aws/session
  - service/ec2
  - aws/awserr
  - aws/client
  - aws/client/metadata
  - aws/request
  - aws/corehandlers
  - aws/defaults
  - private/endpoints
  - aws/awsutil
  - private/protocol
  - private/protocol/ec2query
  - private/signer/v4
  - private/waiter
  - private/protocol/query/queryutil
  - private/protocol/xml/xmlutil
  - private/protocol/rest
- name: github.com/BurntSushi/toml
  version: bbd5bb678321a0d6e58f1099321dfa73391c1b6f
- name: github.com/cpuguy83/go-md2man
  version: 2724a9c9051aa62e9cca11304e7dd518e9e41599
  subpackages:
  - md2man
- name: github.com/docker/docker
  version: 7f865e49538a2391d26de795efc0981a6db02127
  subpackages:
  - pkg/mount
- name: github.com/emccode/goisilon
  version: f9b53f0aaadb12a26b134830142fc537f492cb13
  repo: https://github.com/emccode/goisilon
  vcs: git
  subpackages:
  - api/v1
- name: github.com/emccode/goscaleio
  version: 37a71bf801a533473f94e4d4dcee2372c141e261
  repo: https://github.com/emccode/goscaleio.git
  vcs: git
  subpackages:
  - types/v1
- name: github.com/emccode/govmax
  version: 39eb25ef96221a595aea883ffded341d37750d51
  repo: https://github.com/emccode/govmax
  vcs: git
  subpackages:
  - api/v1
- name: github.com/emccode/goxtremio
  version: 89e87d4bdf43837a161fd36ad8dd32e0ce42ae98
  repo: https://github.com/akutz/goxtremio.git
  vcs: git
  subpackages:
  - api/v3
- name: github.com/go-ini/ini
  version: 12f418cc7edc5a618a51407b7ac1f1f512139df3
- name: github.com/go-yaml/yaml
  version: b4a9f8c4b84c6c4256d669c649837f1441e4b050
  repo: https://github.com/akutz/yaml.git
  vcs: git
- name: github.com/gorilla/context
  version: 1ea25387ff6f684839d82767c1733ff4d4d15d0a
- name: github.com/gorilla/handlers
  version: d0f261246491e3a8613039e90764460448dc05f5
- name: github.com/gorilla/mux
  version: 0eeaf8392f5b04950925b8a69fe70f110fa7cbfc
- name: github.com/inconshreveable/mousetrap
  version: 76626ae9c91c4f2a10f34cad8ce83ea42c93bb75
- name: github.com/jmespath/go-jmespath
  version: 0b12d6b521d83fc7f755e7cfc1b1fbdd35a01a74
- name: github.com/kardianos/osext
  version: 29ae4ffbc9a6fe9fb2bc5029050ce6996ea1d3bc
  repo: https://github.com/kardianos/osext.git
  vcs: git
- name: github.com/kr/pretty
  version: add1dbc86daf0f983cd4a48ceb39deb95c729b67
- name: github.com/kr/text
  version: bb797dc4fb8320488f47bf11de07a733d7233e1f
- name: github.com/magiconair/properties
  version: c265cfa48dda6474e208715ca93e987829f572f8
- name: github.com/mitchellh/mapstructure
  version: d2dd0262208475919e1a362f675cfc0e7c10e905
- name: github.com/opencontainers/runc
  version: 865f4a685de6060398d0dd827a426e3b38810c0a
  subpackages:
  - libcontainer/label
- name: github.com/rackspace/gophercloud
  version: 42196eaf5b93739d335921404bb7c5f2205fceb3
  repo: https://github.com/clintonskitson/gophercloud.git
  vcs: git
  subpackages:
  - openstack
  - openstack/blockstorage/v1/snapshots
  - openstack/blockstorage/v1/volumes
  - openstack/blockstorage/v2/extensions/volumeactions
  - openstack/compute/v2/extensions/volumeattach
  - openstack/compute/v2/servers
  - openstack/identity/v2/tokens
  - openstack/identity/v3/tokens
  - openstack/utils
  - pagination
  - testhelper
  - testhelper/client
  - openstack/compute/v2/flavors
  - openstack/compute/v2/images
  - openstack/identity/v2/tenants
- name: github.com/russross/blackfriday
  version: b43df972fb5fdf3af8d2e90f38a69d374fe26dd0
- name: github.com/shurcooL/sanitized_anchor_name
  version: 10ef21a441db47d8b13ebcc5fd2310f636973c77
- name: github.com/Sirupsen/logrus
  version: ccf2e6a1fa5c3b3be865050c0478291e7d70a95a
  repo: https://github.com/akutz/logrus
  vcs: git
- name: github.com/spf13/cast
  version: 27b586b42e29bec072fe7379259cc719e1289da6
- name: github.com/spf13/cobra
  version: 363816bb13ce1710460c2345017fd35593cbf5ed
  repo: https://github.com/akutz/cobra
  vcs: git
- name: github.com/spf13/jwalterweatherman
  version: 33c24e77fb80341fe7130ee7c594256ff08ccc46
- name: github.com/spf13/pflag
  version: b084184666e02084b8ccb9b704bf0d79c466eb1d
  repo: https://github.com/spf13/pflag
  vcs: git
- name: github.com/spf13/viper
  version: 317ec73d0d7507658ee3be15866b445d6d921848
  repo: https://github.com/akutz/viper.git
  vcs: git
- name: github.com/vmware/govmomi
  version: 4739ba797cc0c7240e0848e724fb733e6b08bc9c
  repo: https://github.com/clintonskitson/govmomi
  vcs: git
  subpackages:
  - find
  - object
  - property
  - vim25/methods
  - vim25/mo
  - vim25/types
  - session
  - vim25
  - vim25/soap
  - list
  - task
  - vim25/progress
  - vim25/debug
  - vim25/xml
- name: golang.org/x/net
  version: e45385e9b226f570b1f086bf287b25d3d4117776
  repo: https://github.com/golang/net
  vcs: git
  subpackages:
  - context
  - context/ctxhttp
- name: golang.org/x/oauth2
  version: b0e2337fe6ec0c637fa4f123268b972f334504eb
  subpackages:
  - google
  - internal
  - jws
  - jwt
- name: google.golang.org/api
  version: fd081149e482b10c55262756934088ffe3197ea3
  repo: https://github.com/google/google-api-go-client.git
  vcs: git
  subpackages:
  - compute/v1
  - gensupport
  - googleapi
  - googleapi/internal/uritemplates
- name: google.golang.org/cloud
  version: 79ffda073da804f325135da5ff645a630a4d7625
  subpackages:
  - compute/metadata
  - internal
- name: gopkg.in/fsnotify.v1
  version: 875cf421b32f8f1b31bd43776297876d01542279
- name: gopkg.in/yaml.v1
  version: b4a9f8c4b84c6c4256d669c649837f1441e4b050
  repo: https://github.com/akutz/yaml.git
  vcs: git
- name: gopkg.in/yaml.v2
  version: b4a9f8c4b84c6c4256d669c649837f1441e4b050
  repo: https://github.com/akutz/yaml.git
  vcs: git
devImports: []
